
Microsoft Visual Studio Solution File, Format Version 12.00
# Visual Studio Version 17
VisualStudioVersion = 17.0.31903.59
MinimumVisualStudioVersion = 10.0.40219.1
Project("{2150E333-8FDC-42A3-9474-1A3956D46DE8}") = "src", "src", "{827E0CD3-B72D-47B6-A68D-7590B98EB39B}"
EndProject
Project("{FAE04EC0-301F-11D3-BF4B-00C04F79EFBC}") = "AIHarness.Core", "src\AIHarness.Core\AIHarness.Core.csproj", "{F78D6556-1938-4980-8E22-B9055CA02555}"
EndProject
Project("{FAE04EC0-301F-11D3-BF4B-00C04F79EFBC}") = "AIHarness.Infrastructure", "src\AIHarness.Infrastructure\AIHarness.Infrastructure.csproj", "{3568D3D0-6ADC-41F7-B950-8DAC7B25CEF8}"
EndProject
Project("{FAE04EC0-301F-11D3-BF4B-00C04F79EFBC}") = "AIHarness.Agents", "src\AIHarness.Agents\AIHarness.Agents.csproj", "{9D355B8A-8370-4DA4-BA3A-7F323692DCE3}"
EndProject
Project("{FAE04EC0-301F-11D3-BF4B-00C04F79EFBC}") = "AIHarness.Orchestrator", "src\AIHarness.Orchestrator\AIHarness.Orchestrator.csproj", "{5E22E69D-15AD-428D-A3D7-6B7C74F81C63}"
EndProject
Project("{FAE04EC0-301F-11D3-BF4B-00C04F79EFBC}") = "AIHarness.API", "src\AIHarness.API\AIHarness.API.csproj", "{7A8A3710-ADBC-4FDF-A041-7B5FF8754141}"
EndProject
Project("{FAE04EC0-301F-11D3-BF4B-00C04F79EFBC}") = "AIHarness.Worker", "src\AIHarness.Worker\AIHarness.Worker.csproj", "{26D828A3-CA17-4954-90EB-257938C52ED1}"
EndProject
Project("{FAE04EC0-301F-11D3-BF4B-00C04F79EFBC}") = "AIHarness.Core.Tests", "tests\AIHarness.Core.Tests\AIHarness.Core.Tests.csproj", "{111A93E8-F52F-4CEB-A124-FCA88A25DEB1}"
EndProject
Project("{FAE04EC0-301F-11D3-BF4B-00C04F79EFBC}") = "AIHarness.Agents.Tests", "tests\AIHarness.Agents.Tests\AIHarness.Agents.Tests.csproj", "{2B7B892F-75C1-4CED-839F-135430102C6A}"
EndProject
Project("{FAE04EC0-301F-11D3-BF4B-00C04F79EFBC}") = "AIHarness.Integration.Tests", "tests\AIHarness.Integration.Tests\AIHarness.Integration.Tests.csproj", "{CC69A448-2EA5-4105-AD48-C06D474225B4}"
EndProject
Global
	GlobalSection(SolutionConfigurationPlatforms) = preSolution
		Debug|Any CPU = Debug|Any CPU
		Debug|x64 = Debug|x64
		Debug|x86 = Debug|x86
		Release|Any CPU = Release|Any CPU
		Release|x64 = Release|x64
		Release|x86 = Release|x86
	EndGlobalSection
	GlobalSection(ProjectConfigurationPlatforms) = postSolution
		{F78D6556-1938-4980-8E22-B9055CA02555}.Debug|Any CPU.ActiveCfg = Debug|Any CPU
		{F78D6556-1938-4980-8E22-B9055CA02555}.Debug|Any CPU.Build.0 = Debug|Any CPU
		{F78D6556-1938-4980-8E22-B9055CA02555}.Debug|x64.ActiveCfg = Debug|Any CPU
		{F78D6556-1938-4980-8E22-B9055CA02555}.Debug|x64.Build.0 = Debug|Any CPU
		{F78D6556-1938-4980-8E22-B9055CA02555}.Debug|x86.ActiveCfg = Debug|Any CPU
		{F78D6556-1938-4980-8E22-B9055CA02555}.Debug|x86.Build.0 = Debug|Any CPU
		{F78D6556-1938-4980-8E22-B9055CA02555}.Release|Any CPU.ActiveCfg = Release|Any CPU
		{F78D6556-1938-4980-8E22-B9055CA02555}.Release|Any CPU.Build.0 = Release|Any CPU
		{F78D6556-1938-4980-8E22-B9055CA02555}.Release|x64.ActiveCfg = Release|Any CPU
		{F78D6556-1938-4980-8E22-B9055CA02555}.Release|x64.Build.0 = Release|Any CPU
		{F78D6556-1938-4980-8E22-B9055CA02555}.Release|x86.ActiveCfg = Release|Any CPU
		{F78D6556-1938-4980-8E22-B9055CA02555}.Release|x86.Build.0 = Release|Any CPU
		{3568D3D0-6ADC-41F7-B950-8DAC7B25CEF8}.Debug|Any CPU.ActiveCfg = Debug|Any CPU
		{3568D3D0-6ADC-41F7-B950-8DAC7B25CEF8}.Debug|Any CPU.Build.0 = Debug|Any CPU
		{3568D3D0-6ADC-41F7-B950-8DAC7B25CEF8}.Debug|x64.ActiveCfg = Debug|Any CPU
		{3568D3D0-6ADC-41F7-B950-8DAC7B25CEF8}.Debug|x64.Build.0 = Debug|Any CPU
		{3568D3D0-6ADC-41F7-B950-8DAC7B25CEF8}.Debug|x86.ActiveCfg = Debug|Any CPU
		{3568D3D0-6ADC-41F7-B950-8DAC7B25CEF8}.Debug|x86.Build.0 = Debug|Any CPU
		{3568D3D0-6ADC-41F7-B950-8DAC7B25CEF8}.Release|Any CPU.ActiveCfg = Release|Any CPU
		{3568D3D0-6ADC-41F7-B950-8DAC7B25CEF8}.Release|Any CPU.Build.0 = Release|Any CPU
		{3568D3D0-6ADC-41F7-B950-8DAC7B25CEF8}.Release|x64.ActiveCfg = Release|Any CPU
		{3568D3D0-6ADC-41F7-B950-8DAC7B25CEF8}.Release|x64.Build.0 = Release|Any CPU
		{3568D3D0-6ADC-41F7-B950-8DAC7B25CEF8}.Release|x86.ActiveCfg = Release|Any CPU
		{3568D3D0-6ADC-41F7-B950-8DAC7B25CEF8}.Release|x86.Build.0 = Release|Any CPU
		{9D355B8A-8370-4DA4-BA3A-7F323692DCE3}.Debug|Any CPU.ActiveCfg = Debug|Any CPU
		{9D355B8A-8370-4DA4-BA3A-7F323692DCE3}.Debug|Any CPU.Build.0 = Debug|Any CPU
		{9D355B8A-8370-4DA4-BA3A-7F323692DCE3}.Debug|x64.ActiveCfg = Debug|Any CPU
		{9D355B8A-8370-4DA4-BA3A-7F323692DCE3}.Debug|x64.Build.0 = Debug|Any CPU
		{9D355B8A-8370-4DA4-BA3A-7F323692DCE3}.Debug|x86.ActiveCfg = Debug|Any CPU
		{9D355B8A-8370-4DA4-BA3A-7F323692DCE3}.Debug|x86.Build.0 = Debug|Any CPU
		{9D355B8A-8370-4DA4-BA3A-7F323692DCE3}.Release|Any CPU.ActiveCfg = Release|Any CPU
		{9D355B8A-8370-4DA4-BA3A-7F323692DCE3}.Release|Any CPU.Build.0 = Release|Any CPU
		{9D355B8A-8370-4DA4-BA3A-7F323692DCE3}.Release|x64.ActiveCfg = Release|Any CPU
		{9D355B8A-8370-4DA4-BA3A-7F323692DCE3}.Release|x64.Build.0 = Release|Any CPU
		{9D355B8A-8370-4DA4-BA3A-7F323692DCE3}.Release|x86.ActiveCfg = Release|Any CPU
		{9D355B8A-8370-4DA4-BA3A-7F323692DCE3}.Release|x86.Build.0 = Release|Any CPU
		{5E22E69D-15AD-428D-A3D7-6B7C74F81C63}.Debug|Any CPU.ActiveCfg = Debug|Any CPU
		{5E22E69D-15AD-428D-A3D7-6B7C74F81C63}.Debug|Any CPU.Build.0 = Debug|Any CPU
		{5E22E69D-15AD-428D-A3D7-6B7C74F81C63}.Debug|x64.ActiveCfg = Debug|Any CPU
		{5E22E69D-15AD-428D-A3D7-6B7C74F81C63}.Debug|x64.Build.0 = Debug|Any CPU
		{5E22E69D-15AD-428D-A3D7-6B7C74F81C63}.Debug|x86.ActiveCfg = Debug|Any CPU
		{5E22E69D-15AD-428D-A3D7-6B7C74F81C63}.Debug|x86.Build.0 = Debug|Any CPU
		{5E22E69D-15AD-428D-A3D7-6B7C74F81C63}.Release|Any CPU.ActiveCfg = Release|Any CPU
		{5E22E69D-15AD-428D-A3D7-6B7C74F81C63}.Release|Any CPU.Build.0 = Release|Any CPU
		{5E22E69D-15AD-428D-A3D7-6B7C74F81C63}.Release|x64.ActiveCfg = Release|Any CPU
		{5E22E69D-15AD-428D-A3D7-6B7C74F81C63}.Release|x64.Build.0 = Release|Any CPU
		{5E22E69D-15AD-428D-A3D7-6B7C74F81C63}.Release|x86.ActiveCfg = Release|Any CPU
		{5E22E69D-15AD-428D-A3D7-6B7C74F81C63}.Release|x86.Build.0 = Release|Any CPU
		{7A8A3710-ADBC-4FDF-A041-7B5FF8754141}.Debug|Any CPU.ActiveCfg = Debug|Any CPU
		{7A8A3710-ADBC-4FDF-A041-7B5FF8754141}.Debug|Any CPU.Build.0 = Debug|Any CPU
		{7A8A3710-ADBC-4FDF-A041-7B5FF8754141}.Debug|x64.ActiveCfg = Debug|Any CPU
		{7A8A3710-ADBC-4FDF-A041-7B5FF8754141}.Debug|x64.Build.0 = Debug|Any CPU
		{7A8A3710-ADBC-4FDF-A041-7B5FF8754141}.Debug|x86.ActiveCfg = Debug|Any CPU
		{7A8A3710-ADBC-4FDF-A041-7B5FF8754141}.Debug|x86.Build.0 = Debug|Any CPU
		{7A8A3710-ADBC-4FDF-A041-7B5FF8754141}.Release|Any CPU.ActiveCfg = Release|Any CPU
		{7A8A3710-ADBC-4FDF-A041-7B5FF8754141}.Release|Any CPU.Build.0 = Release|Any CPU
		{7A8A3710-ADBC-4FDF-A041-7B5FF8754141}.Release|x64.ActiveCfg = Release|Any CPU
		{7A8A3710-ADBC-4FDF-A041-7B5FF8754141}.Release|x64.Build.0 = Release|Any CPU
		{7A8A3710-ADBC-4FDF-A041-7B5FF8754141}.Release|x86.ActiveCfg = Release|Any CPU
		{7A8A3710-ADBC-4FDF-A041-7B5FF8754141}.Release|x86.Build.0 = Release|Any CPU
		{26D828A3-CA17-4954-90EB-257938C52ED1}.Debug|Any CPU.ActiveCfg = Debug|Any CPU
		{26D828A3-CA17-4954-90EB-257938C52ED1}.Debug|Any CPU.Build.0 = Debug|Any CPU
		{26D828A3-CA17-4954-90EB-257938C52ED1}.Debug|x64.ActiveCfg = Debug|Any CPU
		{26D828A3-CA17-4954-90EB-257938C52ED1}.Debug|x64.Build.0 = Debug|Any CPU
		{26D828A3-CA17-4954-90EB-257938C52ED1}.Debug|x86.ActiveCfg = Debug|Any CPU
		{26D828A3-CA17-4954-90EB-257938C52ED1}.Debug|x86.Build.0 = Debug|Any CPU
		{26D828A3-CA17-4954-90EB-257938C52ED1}.Release|Any CPU.ActiveCfg = Release|Any CPU
		{26D828A3-CA17-4954-90EB-257938C52ED1}.Release|Any CPU.Build.0 = Release|Any CPU
		{26D828A3-CA17-4954-90EB-257938C52ED1}.Release|x64.ActiveCfg = Release|Any CPU
		{26D828A3-CA17-4954-90EB-257938C52ED1}.Release|x64.Build.0 = Release|Any CPU
		{26D828A3-CA17-4954-90EB-257938C52ED1}.Release|x86.ActiveCfg = Release|Any CPU
		{26D828A3-CA17-4954-90EB-257938C52ED1}.Release|x86.Build.0 = Release|Any CPU
		{111A93E8-F52F-4CEB-A124-FCA88A25DEB1}.Debug|Any CPU.ActiveCfg = Debug|Any CPU
		{111A93E8-F52F-4CEB-A124-FCA88A25DEB1}.Debug|Any CPU.Build.0 = Debug|Any CPU
		{111A93E8-F52F-4CEB-A124-FCA88A25DEB1}.Debug|x64.ActiveCfg = Debug|Any CPU
		{111A93E8-F52F-4CEB-A124-FCA88A25DEB1}.Debug|x64.Build.0 = Debug|Any CPU
		{111A93E8-F52F-4CEB-A124-FCA88A25DEB1}.Debug|x86.ActiveCfg = Debug|Any CPU
		{111A93E8-F52F-4CEB-A124-FCA88A25DEB1}.Debug|x86.Build.0 = Debug|Any CPU
		{111A93E8-F52F-4CEB-A124-FCA88A25DEB1}.Release|Any CPU.ActiveCfg = Release|Any CPU
		{111A93E8-F52F-4CEB-A124-FCA88A25DEB1}.Release|Any CPU.Build.0 = Release|Any CPU
		{111A93E8-F52F-4CEB-A124-FCA88A25DEB1}.Release|x64.ActiveCfg = Release|Any CPU
		{111A93E8-F52F-4CEB-A124-FCA88A25DEB1}.Release|x64.Build.0 = Release|Any CPU
		{111A93E8-F52F-4CEB-A124-FCA88A25DEB1}.Release|x86.ActiveCfg = Release|Any CPU
		{111A93E8-F52F-4CEB-A124-FCA88A25DEB1}.Release|x86.Build.0 = Release|Any CPU
		{2B7B892F-75C1-4CED-839F-135430102C6A}.Debug|Any CPU.ActiveCfg = Debug|Any CPU
		{2B7B892F-75C1-4CED-839F-135430102C6A}.Debug|Any CPU.Build.0 = Debug|Any CPU
		{2B7B892F-75C1-4CED-839F-135430102C6A}.Debug|x64.ActiveCfg = Debug|Any CPU
		{2B7B892F-75C1-4CED-839F-135430102C6A}.Debug|x64.Build.0 = Debug|Any CPU
		{2B7B892F-75C1-4CED-839F-135430102C6A}.Debug|x86.ActiveCfg = Debug|Any CPU
		{2B7B892F-75C1-4CED-839F-135430102C6A}.Debug|x86.Build.0 = Debug|Any CPU
		{2B7B892F-75C1-4CED-839F-135430102C6A}.Release|Any CPU.ActiveCfg = Release|Any CPU
		{2B7B892F-75C1-4CED-839F-135430102C6A}.Release|Any CPU.Build.0 = Release|Any CPU
		{2B7B892F-75C1-4CED-839F-135430102C6A}.Release|x64.ActiveCfg = Release|Any CPU
		{2B7B892F-75C1-4CED-839F-135430102C6A}.Release|x64.Build.0 = Release|Any CPU
		{2B7B892F-75C1-4CED-839F-135430102C6A}.Release|x86.ActiveCfg = Release|Any CPU
		{2B7B892F-75C1-4CED-839F-135430102C6A}.Release|x86.Build.0 = Release|Any CPU
		{CC69A448-2EA5-4105-AD48-C06D474225B4}.Debug|Any CPU.ActiveCfg = Debug|Any CPU
		{CC69A448-2EA5-4105-AD48-C06D474225B4}.Debug|Any CPU.Build.0 = Debug|Any CPU
		{CC69A448-2EA5-4105-AD48-C06D474225B4}.Debug|x64.ActiveCfg = Debug|Any CPU
		{CC69A448-2EA5-4105-AD48-C06D474225B4}.Debug|x64.Build.0 = Debug|Any CPU
		{CC69A448-2EA5-4105-AD48-C06D474225B4}.Debug|x86.ActiveCfg = Debug|Any CPU
		{CC69A448-2EA5-4105-AD48-C06D474225B4}.Debug|x86.Build.0 = Debug|Any CPU
		{CC69A448-2EA5-4105-AD48-C06D474225B4}.Release|Any CPU.ActiveCfg = Release|Any CPU
		{CC69A448-2EA5-4105-AD48-C06D474225B4}.Release|Any CPU.Build.0 = Release|Any CPU
		{CC69A448-2EA5-4105-AD48-C06D474225B4}.Release|x64.ActiveCfg = Release|Any CPU
		{CC69A448-2EA5-4105-AD48-C06D474225B4}.Release|x64.Build.0 = Release|Any CPU
		{CC69A448-2EA5-4105-AD48-C06D474225B4}.Release|x86.ActiveCfg = Release|Any CPU
		{CC69A448-2EA5-4105-AD48-C06D474225B4}.Release|x86.Build.0 = Release|Any CPU
	EndGlobalSection
	GlobalSection(SolutionProperties) = preSolution
		HideSolutionNode = FALSE
	EndGlobalSection
	GlobalSection(NestedProjects) = preSolution
		{F78D6556-1938-4980-8E22-B9055CA02555} = {827E0CD3-B72D-47B6-A68D-7590B98EB39B}
		{3568D3D0-6ADC-41F7-B950-8DAC7B25CEF8} = {827E0CD3-B72D-47B6-A68D-7590B98EB39B}
		{9D355B8A-8370-4DA4-BA3A-7F323692DCE3} = {827E0CD3-B72D-47B6-A68D-7590B98EB39B}
		{5E22E69D-15AD-428D-A3D7-6B7C74F81C63} = {827E0CD3-B72D-47B6-A68D-7590B98EB39B}
		{7A8A3710-ADBC-4FDF-A041-7B5FF8754141} = {827E0CD3-B72D-47B6-A68D-7590B98EB39B}
		{26D828A3-CA17-4954-90EB-257938C52ED1} = {827E0CD3-B72D-47B6-A68D-7590B98EB39B}
		{111A93E8-F52F-4CEB-A124-FCA88A25DEB1} = {827E0CD3-B72D-47B6-A68D-7590B98EB39B}
		{2B7B892F-75C1-4CED-839F-135430102C6A} = {827E0CD3-B72D-47B6-A68D-7590B98EB39B}
		{CC69A448-2EA5-4105-AD48-C06D474225B4} = {827E0CD3-B72D-47B6-A68D-7590B98EB39B}
	EndGlobalSection
EndGlobal
